
Microsoft Visual Studio Solution File, Format Version 12.00
# Visual Studio Version 17
VisualStudioVersion = 17.4.33205.214
MinimumVisualStudioVersion = 10.0.40219.1
Project("{FAE04EC0-301F-11D3-BF4B-00C04F79EFBC}") = "mt1script1", "mt1script1\mt1script1.csproj", "{AB3B2632-1283-42A3-B563-D2813A40F842}"
EndProject
Global
	GlobalSection(SolutionConfigurationPlatforms) = preSolution
		Debug|Any CPU = Debug|Any CPU
		Release|Any CPU = Release|Any CPU
	EndGlobalSection
	GlobalSection(ProjectConfigurationPlatforms) = postSolution
		{AB3B2632-1283-42A3-B563-D2813A40F842}.Debug|Any CPU.ActiveCfg = Debug|Any CPU
		{AB3B2632-1283-42A3-B563-D2813A40F842}.Debug|Any CPU.Build.0 = Debug|Any CPU
		{AB3B2632-1283-42A3-B563-D2813A40F842}.Release|Any CPU.ActiveCfg = Release|Any CPU
		{AB3B2632-1283-42A3-B563-D2813A40F842}.Release|Any CPU.Build.0 = Release|Any CPU
	EndGlobalSection
	GlobalSection(SolutionProperties) = preSolution
		HideSolutionNode = FALSE
	EndGlobalSection
	GlobalSection(ExtensibilityGlobals) = postSolution
		SolutionGuid = {2C8DD8F8-D75A-4E7A-939D-4E0917B1F46E}
	EndGlobalSection
EndGlobal
