
Microsoft Visual Studio Solution File, Format Version 12.00
# Visual Studio Version 17
VisualStudioVersion = 17.4.33205.214
MinimumVisualStudioVersion = 10.0.40219.1
Project("{9A19103F-16F7-4668-BE54-9A1E7A4F7556}") = "Infrastructure", "Infrastructure\Infrastructure.csproj", "{DD04ECC3-C371-4203-97CF-61F21D856904}"
EndProject
Project("{9A19103F-16F7-4668-BE54-9A1E7A4F7556}") = "Domain", "Core\Domain.csproj", "{FF2E96BD-0866-4DE0-9272-E283CDF22B89}"
EndProject
Project("{9A19103F-16F7-4668-BE54-9A1E7A4F7556}") = "Application", "Application\Application.csproj", "{03239616-D98F-4EFC-82E6-455984C3AAE5}"
EndProject
Project("{9A19103F-16F7-4668-BE54-9A1E7A4F7556}") = "WebAPI", "WebAPI\WebAPI.csproj", "{E72FF024-478C-4C51-82BA-1AE1987D6832}"
EndProject
Project("{FAE04EC0-301F-11D3-BF4B-00C04F79EFBC}") = "Architecture.Tests", "Architecture.Tests\Architecture.Tests.csproj", "{53470BC6-1AAC-48FA-BF71-DCDD7E1C359A}"
EndProject
Global
	GlobalSection(SolutionConfigurationPlatforms) = preSolution
		Debug|Any CPU = Debug|Any CPU
		Release|Any CPU = Release|Any CPU
	EndGlobalSection
	GlobalSection(ProjectConfigurationPlatforms) = postSolution
		{DD04ECC3-C371-4203-97CF-61F21D856904}.Debug|Any CPU.ActiveCfg = Debug|Any CPU
		{DD04ECC3-C371-4203-97CF-61F21D856904}.Debug|Any CPU.Build.0 = Debug|Any CPU
		{DD04ECC3-C371-4203-97CF-61F21D856904}.Release|Any CPU.ActiveCfg = Release|Any CPU
		{DD04ECC3-C371-4203-97CF-61F21D856904}.Release|Any CPU.Build.0 = Release|Any CPU
		{FF2E96BD-0866-4DE0-9272-E283CDF22B89}.Debug|Any CPU.ActiveCfg = Debug|Any CPU
		{FF2E96BD-0866-4DE0-9272-E283CDF22B89}.Debug|Any CPU.Build.0 = Debug|Any CPU
		{FF2E96BD-0866-4DE0-9272-E283CDF22B89}.Release|Any CPU.ActiveCfg = Release|Any CPU
		{FF2E96BD-0866-4DE0-9272-E283CDF22B89}.Release|Any CPU.Build.0 = Release|Any CPU
		{03239616-D98F-4EFC-82E6-455984C3AAE5}.Debug|Any CPU.ActiveCfg = Debug|Any CPU
		{03239616-D98F-4EFC-82E6-455984C3AAE5}.Debug|Any CPU.Build.0 = Debug|Any CPU
		{03239616-D98F-4EFC-82E6-455984C3AAE5}.Release|Any CPU.ActiveCfg = Release|Any CPU
		{03239616-D98F-4EFC-82E6-455984C3AAE5}.Release|Any CPU.Build.0 = Release|Any CPU
		{E72FF024-478C-4C51-82BA-1AE1987D6832}.Debug|Any CPU.ActiveCfg = Debug|Any CPU
		{E72FF024-478C-4C51-82BA-1AE1987D6832}.Debug|Any CPU.Build.0 = Debug|Any CPU
		{E72FF024-478C-4C51-82BA-1AE1987D6832}.Release|Any CPU.ActiveCfg = Release|Any CPU
		{E72FF024-478C-4C51-82BA-1AE1987D6832}.Release|Any CPU.Build.0 = Release|Any CPU
		{53470BC6-1AAC-48FA-BF71-DCDD7E1C359A}.Debug|Any CPU.ActiveCfg = Debug|Any CPU
		{53470BC6-1AAC-48FA-BF71-DCDD7E1C359A}.Debug|Any CPU.Build.0 = Debug|Any CPU
		{53470BC6-1AAC-48FA-BF71-DCDD7E1C359A}.Release|Any CPU.ActiveCfg = Release|Any CPU
		{53470BC6-1AAC-48FA-BF71-DCDD7E1C359A}.Release|Any CPU.Build.0 = Release|Any CPU
	EndGlobalSection
	GlobalSection(SolutionProperties) = preSolution
		HideSolutionNode = FALSE
	EndGlobalSection
	GlobalSection(ExtensibilityGlobals) = postSolution
		SolutionGuid = {4B68F372-2CEC-4F8F-8286-2C4AD4A71015}
	EndGlobalSection
EndGlobal
